<?xml version="1.0" encoding="utf-8"?>
<Project ToolsVersion="4.0" xmlns="http://schemas.microsoft.com/developer/msbuild/2003">
  <ItemGroup>
    <Filter Include="Source Files">
      <UniqueIdentifier>{4FC737F1-C7A5-4376-A066-2A32D752A2FF}</UniqueIdentifier>
      <Extensions>cpp;c;cc;cxx;def;odl;idl;hpj;bat;asm;asmx</Extensions>
    </Filter>
    <Filter Include="Header Files">
      <UniqueIdentifier>{93995380-89BD-4b04-88EB-625FBE52EBFB}</UniqueIdentifier>
      <Extensions>h;hh;hpp;hxx;hm;inl;inc;ipp;xsd</Extensions>
    </Filter>
    <Filter Include="Resource Files">
      <UniqueIdentifier>{67DA6AB6-F800-4c08-8B7A-83BB121AAD01}</UniqueIdentifier>
      <Extensions>rc;ico;cur;bmp;dlg;rc2;rct;bin;rgs;gif;jpg;jpeg;jpe;resx;tiff;tif;png;wav;mfcribbon-ms</Extensions>
    </Filter>
    <Filter Include="Header Files\Scenes">
      <UniqueIdentifier>{252de02d-6b89-41ec-b372-ddfef9870bbe}</UniqueIdentifier>
    </Filter>
    <Filter Include="Source Files\Scenes">
      <UniqueIdentifier>{e8c82a08-d757-47ee-b6fe-eee59a99570f}</UniqueIdentifier>
    </Filter>
    <Filter Include="extras">
      <UniqueIdentifier>{375eca6d-c80b-4249-890a-f7819222bacf}</UniqueIdentifier>
    </Filter>
    <Filter Include="extras\heaaders">
      <UniqueIdentifier>{2f1d8c69-b916-471a-86c9-7716e79ae26c}</UniqueIdentifier>
    </Filter>
    <Filter Include="extras\CPP">
      <UniqueIdentifier>{07a5c1bd-ddd5-41fe-b96e-8acf591c8cd7}</UniqueIdentifier>
    </Filter>
    <Filter Include="Header Files\Graphics">
      <UniqueIdentifier>{79ab8743-e226-4d7b-ac41-d482d5bdc94e}</UniqueIdentifier>
    </Filter>
    <Filter Include="Header Files\Physics">
      <UniqueIdentifier>{bea05c33-343b-4203-8781-5ba4f7d6f54f}</UniqueIdentifier>
    </Filter>
    <Filter Include="Header Files\Core">
      <UniqueIdentifier>{78047647-140a-4095-a5bd-dec2111d7ec9}</UniqueIdentifier>
    </Filter>
    <Filter Include="Header Files\UI">
      <UniqueIdentifier>{c160501a-8764-441b-9789-f70cb439cb38}</UniqueIdentifier>
    </Filter>
    <Filter Include="Header Files\Utils">
      <UniqueIdentifier>{48406456-a856-4d26-81ca-87b0cf132aeb}</UniqueIdentifier>
    </Filter>
    <Filter Include="Source Files\Graphics">
      <UniqueIdentifier>{d3129dfa-851b-4d61-b5f5-f3f068cac749}</UniqueIdentifier>
    </Filter>
    <Filter Include="Source Files\Core">
      <UniqueIdentifier>{bf52127d-7dd0-4b75-9088-42d8694b555f}</UniqueIdentifier>
    </Filter>
    <Filter Include="Source Files\UI">
      <UniqueIdentifier>{9bc36ef3-5877-472c-882a-7c390632a0a2}</UniqueIdentifier>
    </Filter>
    <Filter Include="Source Files\Physics">
      <UniqueIdentifier>{7cbc915b-5f56-4871-b29e-67e594efd8c9}</UniqueIdentifier>
    </Filter>
    <Filter Include="Resource Files\Default">
      <UniqueIdentifier>{eb652b33-42cd-4701-af11-5b4b3e343e98}</UniqueIdentifier>
    </Filter>
    <Filter Include="Resource Files\Textured">
      <UniqueIdentifier>{dc327075-e4cc-4b9f-8883-2fd4aeaafd0c}</UniqueIdentifier>
    </Filter>
    <Filter Include="Resource Files\Lighting">
      <UniqueIdentifier>{0586403a-90b7-452d-9b30-0b5977754298}</UniqueIdentifier>
    </Filter>
    <Filter Include="Resource Files\SkyBox">
      <UniqueIdentifier>{36113599-7ca1-4db2-ac36-44cbe6aa0a15}</UniqueIdentifier>
    </Filter>
  </ItemGroup>
  <ItemGroup>
    <ClCompile Include="C:\GameDev\imgui\imgui.cpp">
      <Filter>extras\CPP</Filter>
    </ClCompile>
    <ClCompile Include="C:\GameDev\imgui\imgui_demo.cpp">
      <Filter>extras\CPP</Filter>
    </ClCompile>
    <ClCompile Include="C:\GameDev\imgui\imgui_draw.cpp">
      <Filter>extras\CPP</Filter>
    </ClCompile>
    <ClCompile Include="C:\GameDev\imgui\imgui_impl_glfw.cpp">
      <Filter>extras\CPP</Filter>
    </ClCompile>
    <ClCompile Include="C:\GameDev\imgui\imgui_impl_opengl3.cpp">
      <Filter>extras\CPP</Filter>
    </ClCompile>
    <ClCompile Include="C:\GameDev\imgui\imgui_impl_sdl3.cpp">
      <Filter>extras\CPP</Filter>
    </ClCompile>
    <ClCompile Include="C:\GameDev\imgui\imgui_tables.cpp">
      <Filter>extras\CPP</Filter>
    </ClCompile>
    <ClCompile Include="C:\GameDev\imgui\imgui_widgets.cpp">
      <Filter>extras\CPP</Filter>
    </ClCompile>
    <ClCompile Include="src\Scenes\Scene0g.cpp">
      <Filter>Source Files\Scenes</Filter>
    </ClCompile>
    <ClCompile Include="Main.cpp">
      <Filter>Source Files</Filter>
    </ClCompile>
    <ClCompile Include="src\Core\Actor.cpp">
      <Filter>Source Files\Core</Filter>
    </ClCompile>
    <ClCompile Include="src\Core\Debug.cpp">
      <Filter>Source Files\Core</Filter>
    </ClCompile>
    <ClCompile Include="src\Core\GuiWindow.cpp">
      <Filter>Source Files\Core</Filter>
    </ClCompile>
    <ClCompile Include="src\Core\SceneManager.cpp">
      <Filter>Source Files\Core</Filter>
    </ClCompile>
    <ClCompile Include="src\Core\Timer.cpp">
      <Filter>Source Files\Core</Filter>
    </ClCompile>
    <ClCompile Include="src\Core\Window.cpp">
      <Filter>Source Files\Core</Filter>
    </ClCompile>
    <ClCompile Include="src\Graphics\MaterialComponent.cpp">
      <Filter>Source Files\Graphics</Filter>
    </ClCompile>
    <ClCompile Include="src\Graphics\MeshComponent.cpp">
      <Filter>Source Files\Graphics</Filter>
    </ClCompile>
    <ClCompile Include="src\Graphics\ShaderComponent.cpp">
      <Filter>Source Files\Graphics</Filter>
    </ClCompile>
    <ClCompile Include="src\Physics\TransformComponent.cpp">
      <Filter>Source Files\Physics</Filter>
    </ClCompile>
    <ClCompile Include="src\UI\UIManager.cpp">
      <Filter>Source Files\UI</Filter>
    </ClCompile>
    <ClCompile Include="src\Graphics\CameraActor.cpp">
      <Filter>Source Files\Graphics</Filter>
    </ClCompile>
    <ClCompile Include="src\UI\Trackball.cpp">
      <Filter>Source Files\UI</Filter>
    </ClCompile>
    <ClCompile Include="src\Graphics\SkyBoxComponent.cpp">
      <Filter>Source Files\Graphics</Filter>
    </ClCompile>
  </ItemGroup>
  <ItemGroup>
    <ClInclude Include="C:\GameDev\imgui\imconfig.h">
      <Filter>extras\heaaders</Filter>
    </ClInclude>
    <ClInclude Include="C:\GameDev\imgui\imgui.h">
      <Filter>extras\heaaders</Filter>
    </ClInclude>
    <ClInclude Include="C:\GameDev\imgui\imgui_impl_glfw.h">
      <Filter>extras\heaaders</Filter>
    </ClInclude>
    <ClInclude Include="C:\GameDev\imgui\imgui_impl_opengl3.h">
      <Filter>extras\heaaders</Filter>
    </ClInclude>
    <ClInclude Include="C:\GameDev\imgui\imgui_impl_opengl3_loader.h">
      <Filter>extras\heaaders</Filter>
    </ClInclude>
    <ClInclude Include="C:\GameDev\imgui\imgui_impl_sdl3.h">
      <Filter>extras\heaaders</Filter>
    </ClInclude>
    <ClInclude Include="C:\GameDev\imgui\imgui_internal.h">
      <Filter>extras\heaaders</Filter>
    </ClInclude>
    <ClInclude Include="C:\GameDev\imgui\imstb_rectpack.h">
      <Filter>extras\heaaders</Filter>
    </ClInclude>
    <ClInclude Include="C:\GameDev\imgui\imstb_textedit.h">
      <Filter>extras\heaaders</Filter>
    </ClInclude>
    <ClInclude Include="C:\GameDev\imgui\imstb_truetype.h">
      <Filter>extras\heaaders</Filter>
    </ClInclude>
    <ClInclude Include="headers\Core\Scene.h">
      <Filter>Header Files\Scenes</Filter>
    </ClInclude>
    <ClInclude Include="headers\Scenes\Scene0g.h">
      <Filter>Header Files\Scenes</Filter>
    </ClInclude>
    <ClInclude Include="headers\Core\Actor.h">
      <Filter>Header Files\Core</Filter>
    </ClInclude>
    <ClInclude Include="headers\Core\Component.h">
      <Filter>Header Files\Core</Filter>
    </ClInclude>
    <ClInclude Include="headers\Core\Debug.h">
      <Filter>Header Files\Core</Filter>
    </ClInclude>
    <ClInclude Include="headers\Core\GuiWindow.h">
      <Filter>Header Files\Core</Filter>
    </ClInclude>
    <ClInclude Include="headers\Core\Window.h">
      <Filter>Header Files\Core</Filter>
    </ClInclude>
    <ClInclude Include="headers\Core\Timer.h">
      <Filter>Header Files\Core</Filter>
    </ClInclude>
    <ClInclude Include="headers\Core\SceneManager.h">
      <Filter>Header Files\Core</Filter>
    </ClInclude>
    <ClInclude Include="headers\Graphics\MaterialComponent.h">
      <Filter>Header Files\Graphics</Filter>
    </ClInclude>
    <ClInclude Include="headers\Graphics\MeshComponent.h">
      <Filter>Header Files\Graphics</Filter>
    </ClInclude>
    <ClInclude Include="headers\Graphics\ShaderComponent.h">
      <Filter>Header Files\Graphics</Filter>
    </ClInclude>
    <ClInclude Include="headers\UI\UIManager.h">
      <Filter>Header Files\UI</Filter>
    </ClInclude>
    <ClInclude Include="headers\Physics\TransformComponent.h">
      <Filter>Header Files\Physics</Filter>
    </ClInclude>
    <ClInclude Include="headers\Utils\MemoryMonitor.h">
      <Filter>Header Files\Utils</Filter>
    </ClInclude>
    <ClInclude Include="headers\Graphics\CameraActor.h">
      <Filter>Header Files\Graphics</Filter>
    </ClInclude>
    <ClInclude Include="headers\UI\Trackball.h">
      <Filter>Header Files\UI</Filter>
    </ClInclude>
    <ClInclude Include="headers\Graphics\SkyBoxComponent.h">
      <Filter>Header Files\Graphics</Filter>
    </ClInclude>
  </ItemGroup>
  <ItemGroup>
    <Text Include="GameEngineLog.txt">
      <Filter>Resource Files</Filter>
    </Text>
  </ItemGroup>
  <ItemGroup>
    <None Include="shaders\defaultFrag.glsl">
      <Filter>Resource Files\Default</Filter>
    </None>
    <None Include="shaders\defaultVert.glsl">
      <Filter>Resource Files\Default</Filter>
    </None>
    <None Include="shaders\textureVert.glsl">
      <Filter>Resource Files\Textured</Filter>
    </None>
    <None Include="shaders\textureFrag.glsl">
      <Filter>Resource Files\Textured</Filter>
    </None>
    <None Include="shaders\texturePhongFrag.glsl">
      <Filter>Resource Files\Lighting</Filter>
    </None>
    <None Include="shaders\texturePhongVert.glsl">
      <Filter>Resource Files\Lighting</Filter>
    </None>
    <None Include="shaders\skyBoxFrag.glsl">
      <Filter>Resource Files\SkyBox</Filter>
    </None>
    <None Include="shaders\skyBoxVert.glsl">
      <Filter>Resource Files\SkyBox</Filter>
    </None>
  </ItemGroup>
</Project>